
Microsoft Visual Studio Solution File, Format Version 12.00
# Visual Studio Version 17
VisualStudioVersion = 17.6.33712.159
MinimumVisualStudioVersion = 10.0.40219.1
Project("{FAE04EC0-301F-11D3-BF4B-00C04F79EFBC}") = "RomanToIneger_LeetCode", "RomanToIneger_LeetCode\RomanToIneger_LeetCode.csproj", "{839880D4-894A-4D0A-A696-DBAB6D6B590B}"
EndProject
Global
	GlobalSection(SolutionConfigurationPlatforms) = preSolution
		Debug|Any CPU = Debug|Any CPU
		Release|Any CPU = Release|Any CPU
	EndGlobalSection
	GlobalSection(ProjectConfigurationPlatforms) = postSolution
		{839880D4-894A-4D0A-A696-DBAB6D6B590B}.Debug|Any CPU.ActiveCfg = Debug|Any CPU
		{839880D4-894A-4D0A-A696-DBAB6D6B590B}.Debug|Any CPU.Build.0 = Debug|Any CPU
		{839880D4-894A-4D0A-A696-DBAB6D6B590B}.Release|Any CPU.ActiveCfg = Release|Any CPU
		{839880D4-894A-4D0A-A696-DBAB6D6B590B}.Release|Any CPU.Build.0 = Release|Any CPU
	EndGlobalSection
	GlobalSection(SolutionProperties) = preSolution
		HideSolutionNode = FALSE
	EndGlobalSection
	GlobalSection(ExtensibilityGlobals) = postSolution
		SolutionGuid = {1EFDFAC8-72A8-46D0-80D8-283714081EF0}
	EndGlobalSection
EndGlobal
